
Microsoft Visual Studio Solution File, Format Version 12.00
# Visual Studio 14
VisualStudioVersion = 14.0.25420.1
MinimumVisualStudioVersion = 10.0.40219.1
Project("{8BC9CEB8-8B4A-11D0-8D11-00A0C91BC942}") = "Aufgabenblock_1", "Aufgabenblock_1\Aufgabenblock_1.vcxproj", "{18A0B82E-945A-4B35-B75B-D0F3C30349CC}"
EndProject
Project("{8BC9CEB8-8B4A-11D0-8D11-00A0C91BC942}") = "Aufgabenblock_2", "Aufgabenblock_2\Aufgabenblock_2.vcxproj", "{28083B11-2431-4F1B-8F63-6109D9205951}"
EndProject
Global
	GlobalSection(SolutionConfigurationPlatforms) = preSolution
		Debug|x64 = Debug|x64
		Debug|x86 = Debug|x86
		Release|x64 = Release|x64
		Release|x86 = Release|x86
	EndGlobalSection
	GlobalSection(ProjectConfigurationPlatforms) = postSolution
		{18A0B82E-945A-4B35-B75B-D0F3C30349CC}.Debug|x64.ActiveCfg = Debug|x64
		{18A0B82E-945A-4B35-B75B-D0F3C30349CC}.Debug|x64.Build.0 = Debug|x64
		{18A0B82E-945A-4B35-B75B-D0F3C30349CC}.Debug|x86.ActiveCfg = Debug|Win32
		{18A0B82E-945A-4B35-B75B-D0F3C30349CC}.Debug|x86.Build.0 = Debug|Win32
		{18A0B82E-945A-4B35-B75B-D0F3C30349CC}.Release|x64.ActiveCfg = Release|x64
		{18A0B82E-945A-4B35-B75B-D0F3C30349CC}.Release|x64.Build.0 = Release|x64
		{18A0B82E-945A-4B35-B75B-D0F3C30349CC}.Release|x86.ActiveCfg = Release|Win32
		{18A0B82E-945A-4B35-B75B-D0F3C30349CC}.Release|x86.Build.0 = Release|Win32
		{28083B11-2431-4F1B-8F63-6109D9205951}.Debug|x64.ActiveCfg = Debug|x64
		{28083B11-2431-4F1B-8F63-6109D9205951}.Debug|x64.Build.0 = Debug|x64
		{28083B11-2431-4F1B-8F63-6109D9205951}.Debug|x86.ActiveCfg = Debug|Win32
		{28083B11-2431-4F1B-8F63-6109D9205951}.Debug|x86.Build.0 = Debug|Win32
		{28083B11-2431-4F1B-8F63-6109D9205951}.Release|x64.ActiveCfg = Release|x64
		{28083B11-2431-4F1B-8F63-6109D9205951}.Release|x64.Build.0 = Release|x64
		{28083B11-2431-4F1B-8F63-6109D9205951}.Release|x86.ActiveCfg = Release|Win32
		{28083B11-2431-4F1B-8F63-6109D9205951}.Release|x86.Build.0 = Release|Win32
	EndGlobalSection
	GlobalSection(SolutionProperties) = preSolution
		HideSolutionNode = FALSE
	EndGlobalSection
EndGlobal
